
Microsoft Visual Studio Solution File, Format Version 12.00
# Visual Studio 15
VisualStudioVersion = 15.0.27428.2027
MinimumVisualStudioVersion = 10.0.40219.1
Project("{FAE04EC0-301F-11D3-BF4B-00C04F79EFBC}") = "SignalRDemo", "SignalRDemo\SignalRDemo.csproj", "{DCE96018-3726-4BE5-A245-432A582BAA7F}"
EndProject
Global
	GlobalSection(SolutionConfigurationPlatforms) = preSolution
		Debug|Any CPU = Debug|Any CPU
		Release|Any CPU = Release|Any CPU
	EndGlobalSection
	GlobalSection(ProjectConfigurationPlatforms) = postSolution
		{DCE96018-3726-4BE5-A245-432A582BAA7F}.Debug|Any CPU.ActiveCfg = Debug|Any CPU
		{DCE96018-3726-4BE5-A245-432A582BAA7F}.Debug|Any CPU.Build.0 = Debug|Any CPU
		{DCE96018-3726-4BE5-A245-432A582BAA7F}.Release|Any CPU.ActiveCfg = Release|Any CPU
		{DCE96018-3726-4BE5-A245-432A582BAA7F}.Release|Any CPU.Build.0 = Release|Any CPU
	EndGlobalSection
	GlobalSection(SolutionProperties) = preSolution
		HideSolutionNode = FALSE
	EndGlobalSection
	GlobalSection(ExtensibilityGlobals) = postSolution
		SolutionGuid = {0519B67D-7AFC-4170-B8F5-EB5DEBC345DB}
	EndGlobalSection
EndGlobal
